
Microsoft Visual Studio Solution File, Format Version 12.00
#
Project("{FAE04EC0-301F-11D3-BF4B-00C04F79EFBC}") = "BetterAppleJobSearch.Fetcher", "fetcher\BetterAppleJobSearch.Fetcher.csproj", "{B4BE3FDA-6421-439C-85BF-69E5565347B8}"
EndProject
Project("{FAE04EC0-301F-11D3-BF4B-00C04F79EFBC}") = "BetterAppleJobSearch.Backend", "backend\BetterAppleJobSearch.Backend.csproj", "{5359D56E-2382-4ED3-80E3-0804D61ADE13}"
EndProject
Project("{FAE04EC0-301F-11D3-BF4B-00C04F79EFBC}") = "BetterAppleJobSearch.Common", "common\BetterAppleJobSearch.Common.csproj", "{81947D8C-4584-4087-B8F0-05674AC51AD8}"
EndProject
Global
	GlobalSection(SolutionConfigurationPlatforms) = preSolution
		Debug|Any CPU = Debug|Any CPU
		Release|Any CPU = Release|Any CPU
	EndGlobalSection
	GlobalSection(ProjectConfigurationPlatforms) = postSolution
		{B4BE3FDA-6421-439C-85BF-69E5565347B8}.Debug|Any CPU.ActiveCfg = Debug|Any CPU
		{B4BE3FDA-6421-439C-85BF-69E5565347B8}.Debug|Any CPU.Build.0 = Debug|Any CPU
		{B4BE3FDA-6421-439C-85BF-69E5565347B8}.Release|Any CPU.ActiveCfg = Release|Any CPU
		{B4BE3FDA-6421-439C-85BF-69E5565347B8}.Release|Any CPU.Build.0 = Release|Any CPU
		{5359D56E-2382-4ED3-80E3-0804D61ADE13}.Debug|Any CPU.ActiveCfg = Debug|Any CPU
		{5359D56E-2382-4ED3-80E3-0804D61ADE13}.Debug|Any CPU.Build.0 = Debug|Any CPU
		{5359D56E-2382-4ED3-80E3-0804D61ADE13}.Release|Any CPU.ActiveCfg = Release|Any CPU
		{5359D56E-2382-4ED3-80E3-0804D61ADE13}.Release|Any CPU.Build.0 = Release|Any CPU
		{81947D8C-4584-4087-B8F0-05674AC51AD8}.Debug|Any CPU.ActiveCfg = Debug|Any CPU
		{81947D8C-4584-4087-B8F0-05674AC51AD8}.Debug|Any CPU.Build.0 = Debug|Any CPU
		{81947D8C-4584-4087-B8F0-05674AC51AD8}.Release|Any CPU.ActiveCfg = Release|Any CPU
		{81947D8C-4584-4087-B8F0-05674AC51AD8}.Release|Any CPU.Build.0 = Release|Any CPU
	EndGlobalSection
EndGlobal
